
Microsoft Visual Studio Solution File, Format Version 12.00
# Visual Studio 2013
VisualStudioVersion = 12.0.31101.0
MinimumVisualStudioVersion = 10.0.40219.1
Project("{8BC9CEB8-8B4A-11D0-8D11-00A0C91BC942}") = "glsl_optimizer_lib", "glsl_optimizer_lib.vcxproj", "{B475A403-9D9B-410D-8A93-BA49FC4DD811}"
EndProject
Project("{8BC9CEB8-8B4A-11D0-8D11-00A0C91BC942}") = "glsl_optimizer_tests", "glsl_optimizer_tests.vcxproj", "{BB382242-6EBB-445F-989C-B9BA61D17965}"
EndProject
Project("{8BC9CEB8-8B4A-11D0-8D11-00A0C91BC942}") = "glslopt", "glslopt\glslopt.vcxproj", "{7D22C13A-C5B0-4FC4-BC2A-E9567025826E}"
	ProjectSection(ProjectDependencies) = postProject
		{B475A403-9D9B-410D-8A93-BA49FC4DD811} = {B475A403-9D9B-410D-8A93-BA49FC4DD811}
	EndProjectSection
EndProject
Global
	GlobalSection(SolutionConfigurationPlatforms) = preSolution
		Debug|Mixed Platforms = Debug|Mixed Platforms
		Debug|Win32 = Debug|Win32
		Debug|x64 = Debug|x64
		Release|Mixed Platforms = Release|Mixed Platforms
		Release|Win32 = Release|Win32
		Release|x64 = Release|x64
	EndGlobalSection
	GlobalSection(ProjectConfigurationPlatforms) = postSolution
		{B475A403-9D9B-410D-8A93-BA49FC4DD811}.Debug|Mixed Platforms.ActiveCfg = Debug|Win32
		{B475A403-9D9B-410D-8A93-BA49FC4DD811}.Debug|Mixed Platforms.Build.0 = Debug|Win32
		{B475A403-9D9B-410D-8A93-BA49FC4DD811}.Debug|Win32.ActiveCfg = Debug|Win32
		{B475A403-9D9B-410D-8A93-BA49FC4DD811}.Debug|Win32.Build.0 = Debug|Win32
		{B475A403-9D9B-410D-8A93-BA49FC4DD811}.Debug|x64.ActiveCfg = Debug|x64
		{B475A403-9D9B-410D-8A93-BA49FC4DD811}.Debug|x64.Build.0 = Debug|x64
		{B475A403-9D9B-410D-8A93-BA49FC4DD811}.Release|Mixed Platforms.ActiveCfg = Release|Win32
		{B475A403-9D9B-410D-8A93-BA49FC4DD811}.Release|Mixed Platforms.Build.0 = Release|Win32
		{B475A403-9D9B-410D-8A93-BA49FC4DD811}.Release|Win32.ActiveCfg = Release|Win32
		{B475A403-9D9B-410D-8A93-BA49FC4DD811}.Release|Win32.Build.0 = Release|Win32
		{B475A403-9D9B-410D-8A93-BA49FC4DD811}.Release|x64.ActiveCfg = Release|x64
		{B475A403-9D9B-410D-8A93-BA49FC4DD811}.Release|x64.Build.0 = Release|x64
		{BB382242-6EBB-445F-989C-B9BA61D17965}.Debug|Mixed Platforms.ActiveCfg = Debug|Win32
		{BB382242-6EBB-445F-989C-B9BA61D17965}.Debug|Mixed Platforms.Build.0 = Debug|Win32
		{BB382242-6EBB-445F-989C-B9BA61D17965}.Debug|Win32.ActiveCfg = Debug|Win32
		{BB382242-6EBB-445F-989C-B9BA61D17965}.Debug|x64.ActiveCfg = Debug|x64
		{BB382242-6EBB-445F-989C-B9BA61D17965}.Release|Mixed Platforms.ActiveCfg = Release|Win32
		{BB382242-6EBB-445F-989C-B9BA61D17965}.Release|Mixed Platforms.Build.0 = Release|Win32
		{BB382242-6EBB-445F-989C-B9BA61D17965}.Release|Win32.ActiveCfg = Release|Win32
		{BB382242-6EBB-445F-989C-B9BA61D17965}.Release|x64.ActiveCfg = Release|x64
		{BB382242-6EBB-445F-989C-B9BA61D17965}.Release|x64.Build.0 = Release|x64
		{7D22C13A-C5B0-4FC4-BC2A-E9567025826E}.Debug|Mixed Platforms.ActiveCfg = Debug|Win32
		{7D22C13A-C5B0-4FC4-BC2A-E9567025826E}.Debug|Mixed Platforms.Build.0 = Debug|Win32
		{7D22C13A-C5B0-4FC4-BC2A-E9567025826E}.Debug|Win32.ActiveCfg = Debug|Win32
		{7D22C13A-C5B0-4FC4-BC2A-E9567025826E}.Debug|Win32.Build.0 = Debug|Win32
		{7D22C13A-C5B0-4FC4-BC2A-E9567025826E}.Debug|x64.ActiveCfg = Debug|x64
		{7D22C13A-C5B0-4FC4-BC2A-E9567025826E}.Debug|x64.Build.0 = Debug|x64
		{7D22C13A-C5B0-4FC4-BC2A-E9567025826E}.Release|Mixed Platforms.ActiveCfg = Release|Win32
		{7D22C13A-C5B0-4FC4-BC2A-E9567025826E}.Release|Mixed Platforms.Build.0 = Release|Win32
		{7D22C13A-C5B0-4FC4-BC2A-E9567025826E}.Release|Win32.ActiveCfg = Release|Win32
		{7D22C13A-C5B0-4FC4-BC2A-E9567025826E}.Release|Win32.Build.0 = Release|Win32
		{7D22C13A-C5B0-4FC4-BC2A-E9567025826E}.Release|x64.ActiveCfg = Release|x64
		{7D22C13A-C5B0-4FC4-BC2A-E9567025826E}.Release|x64.Build.0 = Release|x64
	EndGlobalSection
	GlobalSection(SolutionProperties) = preSolution
		HideSolutionNode = FALSE
	EndGlobalSection
EndGlobal
