Microsoft Visual Studio Solution File, Format Version 9.00
# Visual C++ Express 2005
Project("{8BC9CEB8-8B4A-11D0-8D11-00A0C91BC942}") = "gdi", "gdi\gdi.vcproj", "{A1B24907-E196-4826-B6AF-26723629B633}"
	ProjectSection(ProjectDependencies) = postProject
		{2120C974-2717-4709-B44F-D6E6D0A56448} = {2120C974-2717-4709-B44F-D6E6D0A56448}
	EndProjectSection
EndProject
Project("{8BC9CEB8-8B4A-11D0-8D11-00A0C91BC942}") = "glu", "glu\glu.vcproj", "{2E50FDAF-430B-475B-AE6B-60B68F2875BA}"
	ProjectSection(ProjectDependencies) = postProject
		{A1B24907-E196-4826-B6AF-26723629B633} = {A1B24907-E196-4826-B6AF-26723629B633}
	EndProjectSection
EndProject
Project("{8BC9CEB8-8B4A-11D0-8D11-00A0C91BC942}") = "mesa", "mesa\mesa.vcproj", "{2120C974-2717-4709-B44F-D6E6D0A56448}"
EndProject
Project("{8BC9CEB8-8B4A-11D0-8D11-00A0C91BC942}") = "osmesa", "osmesa\osmesa.vcproj", "{8D6CD423-383B-49E7-81BC-D20C70B07DF5}"
	ProjectSection(ProjectDependencies) = postProject
		{A1B24907-E196-4826-B6AF-26723629B633} = {A1B24907-E196-4826-B6AF-26723629B633}
	EndProjectSection
EndProject
Global
	GlobalSection(SolutionConfigurationPlatforms) = preSolution
		Debug|Win32 = Debug|Win32
		Release|Win32 = Release|Win32
	EndGlobalSection
	GlobalSection(ProjectConfigurationPlatforms) = postSolution
		{A1B24907-E196-4826-B6AF-26723629B633}.Debug|Win32.ActiveCfg = Debug|Win32
		{A1B24907-E196-4826-B6AF-26723629B633}.Debug|Win32.Build.0 = Debug|Win32
		{A1B24907-E196-4826-B6AF-26723629B633}.Release|Win32.ActiveCfg = Release|Win32
		{A1B24907-E196-4826-B6AF-26723629B633}.Release|Win32.Build.0 = Release|Win32
		{2E50FDAF-430B-475B-AE6B-60B68F2875BA}.Debug|Win32.ActiveCfg = Debug|Win32
		{2E50FDAF-430B-475B-AE6B-60B68F2875BA}.Debug|Win32.Build.0 = Debug|Win32
		{2E50FDAF-430B-475B-AE6B-60B68F2875BA}.Release|Win32.ActiveCfg = Release|Win32
		{2E50FDAF-430B-475B-AE6B-60B68F2875BA}.Release|Win32.Build.0 = Release|Win32
		{2120C974-2717-4709-B44F-D6E6D0A56448}.Debug|Win32.ActiveCfg = Debug|Win32
		{2120C974-2717-4709-B44F-D6E6D0A56448}.Debug|Win32.Build.0 = Debug|Win32
		{2120C974-2717-4709-B44F-D6E6D0A56448}.Release|Win32.ActiveCfg = Release|Win32
		{2120C974-2717-4709-B44F-D6E6D0A56448}.Release|Win32.Build.0 = Release|Win32
		{8D6CD423-383B-49E7-81BC-D20C70B07DF5}.Debug|Win32.ActiveCfg = Debug|Win32
		{8D6CD423-383B-49E7-81BC-D20C70B07DF5}.Debug|Win32.Build.0 = Debug|Win32
		{8D6CD423-383B-49E7-81BC-D20C70B07DF5}.Release|Win32.ActiveCfg = Release|Win32
		{8D6CD423-383B-49E7-81BC-D20C70B07DF5}.Release|Win32.Build.0 = Release|Win32
	EndGlobalSection
	GlobalSection(SolutionProperties) = preSolution
		HideSolutionNode = FALSE
	EndGlobalSection
EndGlobal
