// !$*UTF8*$!
{
	archiveVersion = 1;
	classes = {
	};
	objectVersion = 45;
	objects = {

/* Begin PBXBuildFile section */
		00E31E0906A5AB446CA7FEF1 /* OpenGL.framework in Frameworks */ = {isa = PBXBuildFile; fileRef = CFE5811E1AA15CB04684E06B /* OpenGL.framework */; };
		690E3B7A69FB7EB7FC13407A /* glsl_optimizer_tests.cpp in Sources */ = {isa = PBXBuildFile; fileRef = 7DEBA12F4580E09897F0F9B0 /* glsl_optimizer_tests.cpp */; };
		8D4BD7D8D7A76EA35AE202F6 /* libglsl_optimizer.a in Frameworks */ = {isa = PBXBuildFile; fileRef = 1B278277EFB7472CB5E23397 /* libglsl_optimizer.a */; };
/* End PBXBuildFile section */

/* Begin PBXContainerItemProxy section */
		C199B8F2CF978AB97449B650 /* PBXContainerItemProxy */ = {
			isa = PBXContainerItemProxy;
			containerPortal = A178F56E992BD7A877767C5D /* glsl_optimizer.xcodeproj */;
			proxyType = 2;
			remoteGlobalIDString = 71D8B17EFB44F5A5D59ADBC5;
			remoteInfo = glsl_optimizer;
		};
		D2FCCAB4B164217E76A7EFCD /* PBXContainerItemProxy */ = {
			isa = PBXContainerItemProxy;
			containerPortal = A178F56E992BD7A877767C5D /* glsl_optimizer.xcodeproj */;
			proxyType = 1;
			remoteGlobalIDString = 922696EB410B65F38D9EA56A;
			remoteInfo = glsl_optimizer;
		};
/* End PBXContainerItemProxy section */

/* Begin PBXFileReference section */
		38F2E88407DCB7B9167CC9BE /* glsl_optimizer_lib.gyp */ = {isa = PBXFileReference; explicitFileType = sourcecode; path = glsl_optimizer_lib.gyp; sourceTree = "<group>"; };
		6AD1EA9523FC737995C6623C /* glsl_optimizer_tests */ = {isa = PBXFileReference; explicitFileType = "compiled.mach-o.executable"; includeInIndex = 0; path = glsl_optimizer_tests; sourceTree = BUILT_PRODUCTS_DIR; };
		70F42D808571A53FAAD6AFFA /* target_defaults.gypi */ = {isa = PBXFileReference; explicitFileType = sourcecode; path = target_defaults.gypi; sourceTree = "<group>"; };
		7DEBA12F4580E09897F0F9B0 /* glsl_optimizer_tests.cpp */ = {isa = PBXFileReference; lastKnownFileType = sourcecode.cpp.cpp; path = glsl_optimizer_tests.cpp; sourceTree = "<group>"; };
		A178F56E992BD7A877767C5D /* glsl_optimizer.xcodeproj */ = {isa = PBXFileReference; lastKnownFileType = "wrapper.pb-project"; name = glsl_optimizer.xcodeproj; path = projects/xcode5/glsl_optimizer.xcodeproj; sourceTree = SOURCE_ROOT; };
		CFE5811E1AA15CB04684E06B /* OpenGL.framework */ = {isa = PBXFileReference; lastKnownFileType = wrapper.framework; name = OpenGL.framework; path = System/Library/Frameworks/OpenGL.framework; sourceTree = SDKROOT; };
/* End PBXFileReference section */

/* Begin PBXFrameworksBuildPhase section */
		018278837CE30801A67F6558 /* Frameworks */ = {
			isa = PBXFrameworksBuildPhase;
			buildActionMask = 2147483647;
			files = (
				8D4BD7D8D7A76EA35AE202F6 /* libglsl_optimizer.a in Frameworks */,
				00E31E0906A5AB446CA7FEF1 /* OpenGL.framework in Frameworks */,
			);
			runOnlyForDeploymentPostprocessing = 0;
		};
/* End PBXFrameworksBuildPhase section */

/* Begin PBXGroup section */
		3C53F3DE72E465F4DE8A8255 = {
			isa = PBXGroup;
			children = (
				E3D4A666B1E2FAC7842A7743 /* Source */,
				6C5D66269BD403F7882B4DB0 /* Projects */,
				56651044B58B67BD9F16E6E5 /* Frameworks */,
				833A11C18F82AFECA83C33C7 /* Products */,
				F69AB0DD4792FA8FD867B6E6 /* Build */,
			);
			sourceTree = "<group>";
		};
		56651044B58B67BD9F16E6E5 /* Frameworks */ = {
			isa = PBXGroup;
			children = (
				CFE5811E1AA15CB04684E06B /* OpenGL.framework */,
			);
			name = Frameworks;
			sourceTree = "<group>";
		};
		6C5D66269BD403F7882B4DB0 /* Projects */ = {
			isa = PBXGroup;
			children = (
				A178F56E992BD7A877767C5D /* glsl_optimizer.xcodeproj */,
			);
			name = Projects;
			sourceTree = "<group>";
		};
		833A11C18F82AFECA83C33C7 /* Products */ = {
			isa = PBXGroup;
			children = (
				6AD1EA9523FC737995C6623C /* glsl_optimizer_tests */,
			);
			name = Products;
			sourceTree = "<group>";
		};
		E3D4A666B1E2FAC7842A7743 /* Source */ = {
			isa = PBXGroup;
			children = (
				7DEBA12F4580E09897F0F9B0 /* glsl_optimizer_tests.cpp */,
			);
			name = Source;
			path = tests;
			sourceTree = "<group>";
		};
		F2814B33D31E3BE426289516 /* Products */ = {
			isa = PBXGroup;
			children = (
				1B278277EFB7472CB5E23397 /* libglsl_optimizer.a */,
			);
			name = Products;
			sourceTree = "<group>";
		};
		F69AB0DD4792FA8FD867B6E6 /* Build */ = {
			isa = PBXGroup;
			children = (
				38F2E88407DCB7B9167CC9BE /* glsl_optimizer_lib.gyp */,
				70F42D808571A53FAAD6AFFA /* target_defaults.gypi */,
			);
			name = Build;
			sourceTree = "<group>";
		};
/* End PBXGroup section */

/* Begin PBXNativeTarget section */
		3E06CEEAB9F1CA7BD51177DF /* glsl_optimizer_tests */ = {
			isa = PBXNativeTarget;
			buildConfigurationList = D085301300556284F116C084 /* Build configuration list for PBXNativeTarget "glsl_optimizer_tests" */;
			buildPhases = (
				366086D7CCF9FCE7F8603A1F /* Sources */,
				018278837CE30801A67F6558 /* Frameworks */,
			);
			buildRules = (
			);
			dependencies = (
				C8CCBCC564757820C6625B36 /* PBXTargetDependency */,
			);
			name = glsl_optimizer_tests;
			productName = glsl_optimizer_tests;
			productReference = 6AD1EA9523FC737995C6623C /* glsl_optimizer_tests */;
			productType = "com.apple.product-type.tool";
		};
/* End PBXNativeTarget section */

/* Begin PBXProject section */
		CAA4F5E0C3E4AECED59703DD /* Project object */ = {
			isa = PBXProject;
			attributes = {
				BuildIndependentTargetsInParallel = YES;
			};
			buildConfigurationList = 5EFBC48A4044CD249C9F81D0 /* Build configuration list for PBXProject "glsl_optimizer_lib" */;
			compatibilityVersion = "Xcode 3.2";
			hasScannedForEncodings = 1;
			mainGroup = 3C53F3DE72E465F4DE8A8255;
			projectDirPath = ../..;
			projectReferences = (
				{
					ProductGroup = F2814B33D31E3BE426289516 /* Products */;
					ProjectRef = A178F56E992BD7A877767C5D /* glsl_optimizer.xcodeproj */;
				},
			);
			projectRoot = "";
			targets = (
				3E06CEEAB9F1CA7BD51177DF /* glsl_optimizer_tests */,
			);
		};
/* End PBXProject section */

/* Begin PBXReferenceProxy section */
		1B278277EFB7472CB5E23397 /* libglsl_optimizer.a */ = {
			isa = PBXReferenceProxy;
			fileType = archive.ar;
			path = libglsl_optimizer.a;
			remoteRef = C199B8F2CF978AB97449B650 /* PBXContainerItemProxy */;
			sourceTree = BUILT_PRODUCTS_DIR;
		};
/* End PBXReferenceProxy section */

/* Begin PBXSourcesBuildPhase section */
		366086D7CCF9FCE7F8603A1F /* Sources */ = {
			isa = PBXSourcesBuildPhase;
			buildActionMask = 2147483647;
			files = (
				690E3B7A69FB7EB7FC13407A /* glsl_optimizer_tests.cpp in Sources */,
			);
			runOnlyForDeploymentPostprocessing = 0;
		};
/* End PBXSourcesBuildPhase section */

/* Begin PBXTargetDependency section */
		C8CCBCC564757820C6625B36 /* PBXTargetDependency */ = {
			isa = PBXTargetDependency;
			name = glsl_optimizer;
			targetProxy = D2FCCAB4B164217E76A7EFCD /* PBXContainerItemProxy */;
		};
/* End PBXTargetDependency section */

/* Begin XCBuildConfiguration section */
		202FC28729551930D9F6871F /* Debug32 */ = {
			isa = XCBuildConfiguration;
			buildSettings = {
				INTERMEDIATE_DIR = "$(PROJECT_DERIVED_FILE_DIR)/$(CONFIGURATION)";
				SHARED_INTERMEDIATE_DIR = "$(SYMROOT)/DerivedSources/$(CONFIGURATION)";
			};
			name = Debug32;
		};
		5322FD98F20E66D46ACE09AD /* Release32 */ = {
			isa = XCBuildConfiguration;
			buildSettings = {
				INTERMEDIATE_DIR = "$(PROJECT_DERIVED_FILE_DIR)/$(CONFIGURATION)";
				SHARED_INTERMEDIATE_DIR = "$(SYMROOT)/DerivedSources/$(CONFIGURATION)";
			};
			name = Release32;
		};
		826A19B26FDC863CF76EAD0A /* Release64 */ = {
			isa = XCBuildConfiguration;
			buildSettings = {
				EXECUTABLE_PREFIX = "";
				GCC_PREPROCESSOR_DEFINITIONS = NDEBUG;
				HEADER_SEARCH_PATHS = src/glsl;
				LIBRARY_SEARCH_PATHS = "$(SDKROOT)/System/Library/Frameworks";
				PRODUCT_NAME = glsl_optimizer_tests;
			};
			name = Release64;
		};
		851BDB70DB43251E2B76D020 /* Debug32 */ = {
			isa = XCBuildConfiguration;
			buildSettings = {
				EXECUTABLE_PREFIX = "";
				GCC_PREPROCESSOR_DEFINITIONS = (
					DEBUG,
					_DEBUG,
				);
				HEADER_SEARCH_PATHS = src/glsl;
				LIBRARY_SEARCH_PATHS = "$(SDKROOT)/System/Library/Frameworks";
				PRODUCT_NAME = glsl_optimizer_tests;
			};
			name = Debug32;
		};
		8F6BA2BBCA5FA593C89DC589 /* Release32 */ = {
			isa = XCBuildConfiguration;
			buildSettings = {
				EXECUTABLE_PREFIX = "";
				GCC_PREPROCESSOR_DEFINITIONS = NDEBUG;
				HEADER_SEARCH_PATHS = src/glsl;
				LIBRARY_SEARCH_PATHS = "$(SDKROOT)/System/Library/Frameworks";
				PRODUCT_NAME = glsl_optimizer_tests;
			};
			name = Release32;
		};
		B1BBC86EA4944F2F290E45E1 /* Debug64 */ = {
			isa = XCBuildConfiguration;
			buildSettings = {
				EXECUTABLE_PREFIX = "";
				GCC_PREPROCESSOR_DEFINITIONS = (
					DEBUG,
					_DEBUG,
				);
				HEADER_SEARCH_PATHS = src/glsl;
				LIBRARY_SEARCH_PATHS = "$(SDKROOT)/System/Library/Frameworks";
				PRODUCT_NAME = glsl_optimizer_tests;
			};
			name = Debug64;
		};
		D5A374049C10E3A52D29240B /* Debug64 */ = {
			isa = XCBuildConfiguration;
			buildSettings = {
				INTERMEDIATE_DIR = "$(PROJECT_DERIVED_FILE_DIR)/$(CONFIGURATION)";
				SHARED_INTERMEDIATE_DIR = "$(SYMROOT)/DerivedSources/$(CONFIGURATION)";
			};
			name = Debug64;
		};
		EFC88EF58BE0816427CF4F79 /* Release64 */ = {
			isa = XCBuildConfiguration;
			buildSettings = {
				INTERMEDIATE_DIR = "$(PROJECT_DERIVED_FILE_DIR)/$(CONFIGURATION)";
				SHARED_INTERMEDIATE_DIR = "$(SYMROOT)/DerivedSources/$(CONFIGURATION)";
			};
			name = Release64;
		};
/* End XCBuildConfiguration section */

/* Begin XCConfigurationList section */
		5EFBC48A4044CD249C9F81D0 /* Build configuration list for PBXProject "glsl_optimizer_lib" */ = {
			isa = XCConfigurationList;
			buildConfigurations = (
				202FC28729551930D9F6871F /* Debug32 */,
				D5A374049C10E3A52D29240B /* Debug64 */,
				5322FD98F20E66D46ACE09AD /* Release32 */,
				EFC88EF58BE0816427CF4F79 /* Release64 */,
			);
			defaultConfigurationIsVisible = 1;
			defaultConfigurationName = Debug32;
		};
		D085301300556284F116C084 /* Build configuration list for PBXNativeTarget "glsl_optimizer_tests" */ = {
			isa = XCConfigurationList;
			buildConfigurations = (
				851BDB70DB43251E2B76D020 /* Debug32 */,
				B1BBC86EA4944F2F290E45E1 /* Debug64 */,
				8F6BA2BBCA5FA593C89DC589 /* Release32 */,
				826A19B26FDC863CF76EAD0A /* Release64 */,
			);
			defaultConfigurationIsVisible = 1;
			defaultConfigurationName = Debug32;
		};
/* End XCConfigurationList section */
	};
	rootObject = CAA4F5E0C3E4AECED59703DD /* Project object */;
}
