Microsoft Visual Studio Solution File, Format Version 7.00
Project("{8BC9CEB8-8B4A-11D0-8D11-00A0C91BC942}") = "gdi", "gdi\gdi.vcproj", "{A1B24907-E196-4826-B6AF-26723629B633}"
EndProject
Project("{8BC9CEB8-8B4A-11D0-8D11-00A0C91BC942}") = "glu", "glu\glu.vcproj", "{2E50FDAF-430B-475B-AE6B-60B68F2875BA}"
EndProject
Project("{8BC9CEB8-8B4A-11D0-8D11-00A0C91BC942}") = "mesa", "mesa\mesa.vcproj", "{2120C974-2717-4709-B44F-D6E6D0A56448}"
EndProject
Project("{8BC9CEB8-8B4A-11D0-8D11-00A0C91BC942}") = "osmesa", "osmesa\osmesa.vcproj", "{8D6CD423-383B-49E7-81BC-D20C70B07DF5}"
EndProject
Global
	GlobalSection(SolutionConfiguration) = preSolution
		ConfigName.0 = Debug
		ConfigName.1 = Release
	EndGlobalSection
	GlobalSection(ProjectDependencies) = postSolution
		{A1B24907-E196-4826-B6AF-26723629B633}.0 = {2120C974-2717-4709-B44F-D6E6D0A56448}
		{8D6CD423-383B-49E7-81BC-D20C70B07DF5}.0 = {A1B24907-E196-4826-B6AF-26723629B633}
	EndGlobalSection
	GlobalSection(ProjectConfiguration) = postSolution
		{A1B24907-E196-4826-B6AF-26723629B633}.Debug.ActiveCfg = Debug|Win32
		{A1B24907-E196-4826-B6AF-26723629B633}.Debug.Build.0 = Debug|Win32
		{A1B24907-E196-4826-B6AF-26723629B633}.Release.ActiveCfg = Release|Win32
		{A1B24907-E196-4826-B6AF-26723629B633}.Release.Build.0 = Release|Win32
		{2E50FDAF-430B-475B-AE6B-60B68F2875BA}.Debug.ActiveCfg = Debug|Win32
		{2E50FDAF-430B-475B-AE6B-60B68F2875BA}.Debug.Build.0 = Debug|Win32
		{2E50FDAF-430B-475B-AE6B-60B68F2875BA}.Release.ActiveCfg = Release|Win32
		{2E50FDAF-430B-475B-AE6B-60B68F2875BA}.Release.Build.0 = Release|Win32
		{2120C974-2717-4709-B44F-D6E6D0A56448}.Debug.ActiveCfg = Debug|Win32
		{2120C974-2717-4709-B44F-D6E6D0A56448}.Debug.Build.0 = Debug|Win32
		{2120C974-2717-4709-B44F-D6E6D0A56448}.Release.ActiveCfg = Release|Win32
		{2120C974-2717-4709-B44F-D6E6D0A56448}.Release.Build.0 = Release|Win32
		{8D6CD423-383B-49E7-81BC-D20C70B07DF5}.Debug.ActiveCfg = Debug|Win32
		{8D6CD423-383B-49E7-81BC-D20C70B07DF5}.Debug.Build.0 = Debug|Win32
		{8D6CD423-383B-49E7-81BC-D20C70B07DF5}.Release.ActiveCfg = Release|Win32
		{8D6CD423-383B-49E7-81BC-D20C70B07DF5}.Release.Build.0 = Release|Win32
	EndGlobalSection
	GlobalSection(ExtensibilityGlobals) = postSolution
	EndGlobalSection
	GlobalSection(ExtensibilityAddIns) = postSolution
	EndGlobalSection
EndGlobal
