Microsoft Visual Studio Solution File, Format Version 10.00
# Visual Studio 2008
Project("{8BC9CEB8-8B4A-11D0-8D11-00A0C91BC942}") = "glsl_optimizer", "glsl_optimizer.vcproj", "{21B46085-9F47-21A5-6075-F7B888093423}"
EndProject
Global
	GlobalSection(SolutionConfigurationPlatforms) = preSolution
		Debug64|x64 = Debug64|x64
		Debug32|Win32 = Debug32|Win32
		Release64|x64 = Release64|x64
		Release32|Win32 = Release32|Win32
	EndGlobalSection
	GlobalSection(ProjectConfigurationPlatforms) = postSolution
		{21B46085-9F47-21A5-6075-F7B888093423}.Debug64|x64.ActiveCfg = Debug64|x64
		{21B46085-9F47-21A5-6075-F7B888093423}.Debug64|x64.Build.0 = Debug64|x64
		{21B46085-9F47-21A5-6075-F7B888093423}.Debug32|Win32.ActiveCfg = Debug32|Win32
		{21B46085-9F47-21A5-6075-F7B888093423}.Debug32|Win32.Build.0 = Debug32|Win32
		{21B46085-9F47-21A5-6075-F7B888093423}.Release64|x64.ActiveCfg = Release64|x64
		{21B46085-9F47-21A5-6075-F7B888093423}.Release64|x64.Build.0 = Release64|x64
		{21B46085-9F47-21A5-6075-F7B888093423}.Release32|Win32.ActiveCfg = Release32|Win32
		{21B46085-9F47-21A5-6075-F7B888093423}.Release32|Win32.Build.0 = Release32|Win32
	EndGlobalSection
	GlobalSection(SolutionProperties) = preSolution
		HideSolutionNode = FALSE
	EndGlobalSection
EndGlobal
