
Microsoft Visual Studio Solution File, Format Version 11.00
# Visual Studio 2010
Project("{2150E333-8FDC-42A3-9474-1A3956D46DE8}") = "d3d11app", "d3d11app", "{77576C4F-7281-41FB-A5C7-D12707AB9ED0}"
	ProjectSection(SolutionItems) = preProject
		d3d11app\d3d11blit.hlsl = d3d11app\d3d11blit.hlsl
	EndProjectSection
EndProject
Project("{8BC9CEB8-8B4A-11D0-8D11-00A0C91BC942}") = "d3d11gears", "d3d11gears\d3d11gears.vcxproj", "{706313AB-8F2C-48D2-9F67-31AA043F48C9}"
EndProject
Project("{8BC9CEB8-8B4A-11D0-8D11-00A0C91BC942}") = "d3d11tri", "d3d11tri\d3d11tri.vcxproj", "{1C11FC42-BFB5-4668-97F6-C5B564754F8F}"
EndProject
Project("{8BC9CEB8-8B4A-11D0-8D11-00A0C91BC942}") = "d3d11spikysphere", "d3d11spikysphere\d3d11spikysphere.vcxproj", "{64988608-72A3-4125-8A31-45E1EACE8F0A}"
EndProject
Project("{8BC9CEB8-8B4A-11D0-8D11-00A0C91BC942}") = "d3d11tex", "d3d11tex\d3d11tex.vcxproj", "{14F73B97-2DC6-423E-97D9-64E3368713DC}"
EndProject
Project("{8BC9CEB8-8B4A-11D0-8D11-00A0C91BC942}") = "d3d10tri", "d3d10tri\d3d10tri.vcxproj", "{5366F4FD-0E6C-40CC-B2F2-CE3D350F0729}"
EndProject
Global
	GlobalSection(SolutionConfigurationPlatforms) = preSolution
		Debug|Win32 = Debug|Win32
		Release|Win32 = Release|Win32
	EndGlobalSection
	GlobalSection(ProjectConfigurationPlatforms) = postSolution
		{706313AB-8F2C-48D2-9F67-31AA043F48C9}.Debug|Win32.ActiveCfg = Debug|Win32
		{706313AB-8F2C-48D2-9F67-31AA043F48C9}.Debug|Win32.Build.0 = Debug|Win32
		{706313AB-8F2C-48D2-9F67-31AA043F48C9}.Release|Win32.ActiveCfg = Release|Win32
		{706313AB-8F2C-48D2-9F67-31AA043F48C9}.Release|Win32.Build.0 = Release|Win32
		{1C11FC42-BFB5-4668-97F6-C5B564754F8F}.Debug|Win32.ActiveCfg = Debug|Win32
		{1C11FC42-BFB5-4668-97F6-C5B564754F8F}.Debug|Win32.Build.0 = Debug|Win32
		{1C11FC42-BFB5-4668-97F6-C5B564754F8F}.Release|Win32.ActiveCfg = Release|Win32
		{1C11FC42-BFB5-4668-97F6-C5B564754F8F}.Release|Win32.Build.0 = Release|Win32
		{64988608-72A3-4125-8A31-45E1EACE8F0A}.Debug|Win32.ActiveCfg = Debug|Win32
		{64988608-72A3-4125-8A31-45E1EACE8F0A}.Debug|Win32.Build.0 = Debug|Win32
		{64988608-72A3-4125-8A31-45E1EACE8F0A}.Release|Win32.ActiveCfg = Release|Win32
		{64988608-72A3-4125-8A31-45E1EACE8F0A}.Release|Win32.Build.0 = Release|Win32
		{14F73B97-2DC6-423E-97D9-64E3368713DC}.Debug|Win32.ActiveCfg = Debug|Win32
		{14F73B97-2DC6-423E-97D9-64E3368713DC}.Debug|Win32.Build.0 = Debug|Win32
		{14F73B97-2DC6-423E-97D9-64E3368713DC}.Release|Win32.ActiveCfg = Release|Win32
		{14F73B97-2DC6-423E-97D9-64E3368713DC}.Release|Win32.Build.0 = Release|Win32
		{5366F4FD-0E6C-40CC-B2F2-CE3D350F0729}.Debug|Win32.ActiveCfg = Debug|Win32
		{5366F4FD-0E6C-40CC-B2F2-CE3D350F0729}.Debug|Win32.Build.0 = Debug|Win32
		{5366F4FD-0E6C-40CC-B2F2-CE3D350F0729}.Release|Win32.ActiveCfg = Release|Win32
		{5366F4FD-0E6C-40CC-B2F2-CE3D350F0729}.Release|Win32.Build.0 = Release|Win32
	EndGlobalSection
	GlobalSection(SolutionProperties) = preSolution
		HideSolutionNode = FALSE
	EndGlobalSection
EndGlobal
