Microsoft Visual Studio Solution File, Format Version 9.00
# Visual Studio 2005
Project("{8BC9CEB8-8B4A-11D0-8D11-00A0C91BC942}") = "gears_staticCRT", "demos\gears_staticCRT.vcproj", "{3A7B0671-10F8-45D1-B012-F6D650F817CE}"
	ProjectSection(ProjectDependencies) = postProject
		{0234F0D2-C8A6-4C4D-93E7-0E2248049C67} = {0234F0D2-C8A6-4C4D-93E7-0E2248049C67}
	EndProjectSection
EndProject
Project("{8BC9CEB8-8B4A-11D0-8D11-00A0C91BC942}") = "glut_staticCRT", "glut\glut_staticCRT.vcproj", "{0234F0D2-C8A6-4C4D-93E7-0E2248049C67}"
EndProject
Global
	GlobalSection(DPCodeReviewSolutionGUID) = preSolution
		DPCodeReviewSolutionGUID = {00000000-0000-0000-0000-000000000000}
	EndGlobalSection
	GlobalSection(SolutionConfigurationPlatforms) = preSolution
		Debug|Win32 = Debug|Win32
		Release|Win32 = Release|Win32
	EndGlobalSection
	GlobalSection(ProjectConfigurationPlatforms) = postSolution
		{3A7B0671-10F8-45D1-B012-F6D650F817CE}.Debug|Win32.ActiveCfg = Debug|Win32
		{3A7B0671-10F8-45D1-B012-F6D650F817CE}.Debug|Win32.Build.0 = Debug|Win32
		{3A7B0671-10F8-45D1-B012-F6D650F817CE}.Release|Win32.ActiveCfg = Release|Win32
		{3A7B0671-10F8-45D1-B012-F6D650F817CE}.Release|Win32.Build.0 = Release|Win32
		{0234F0D2-C8A6-4C4D-93E7-0E2248049C67}.Debug|Win32.ActiveCfg = Debug|Win32
		{0234F0D2-C8A6-4C4D-93E7-0E2248049C67}.Debug|Win32.Build.0 = Debug|Win32
		{0234F0D2-C8A6-4C4D-93E7-0E2248049C67}.Release|Win32.ActiveCfg = Release|Win32
		{0234F0D2-C8A6-4C4D-93E7-0E2248049C67}.Release|Win32.Build.0 = Release|Win32
	EndGlobalSection
	GlobalSection(SolutionProperties) = preSolution
		HideSolutionNode = FALSE
	EndGlobalSection
EndGlobal
