Microsoft Visual Studio Solution File, Format Version 12.00
# Visual Studio 2012
Project("{8BC9CEB8-8B4A-11D0-8D11-00A0C91BC942}") = "glsl_optimizer", "glsl_optimizer.vcxproj", "{5F40152A-AA05-92FF-9828-CDFA8482DB23}"
EndProject
Global
	GlobalSection(SolutionConfigurationPlatforms) = preSolution
		Debug64|x64 = Debug64|x64
		Debug32|Win32 = Debug32|Win32
		Release64|x64 = Release64|x64
		Release32|Win32 = Release32|Win32
	EndGlobalSection
	GlobalSection(ProjectConfigurationPlatforms) = postSolution
		{5F40152A-AA05-92FF-9828-CDFA8482DB23}.Debug64|x64.ActiveCfg = Debug64|x64
		{5F40152A-AA05-92FF-9828-CDFA8482DB23}.Debug64|x64.Build.0 = Debug64|x64
		{5F40152A-AA05-92FF-9828-CDFA8482DB23}.Debug32|Win32.ActiveCfg = Debug32|Win32
		{5F40152A-AA05-92FF-9828-CDFA8482DB23}.Debug32|Win32.Build.0 = Debug32|Win32
		{5F40152A-AA05-92FF-9828-CDFA8482DB23}.Release64|x64.ActiveCfg = Release64|x64
		{5F40152A-AA05-92FF-9828-CDFA8482DB23}.Release64|x64.Build.0 = Release64|x64
		{5F40152A-AA05-92FF-9828-CDFA8482DB23}.Release32|Win32.ActiveCfg = Release32|Win32
		{5F40152A-AA05-92FF-9828-CDFA8482DB23}.Release32|Win32.Build.0 = Release32|Win32
	EndGlobalSection
	GlobalSection(SolutionProperties) = preSolution
		HideSolutionNode = FALSE
	EndGlobalSection
EndGlobal
